
Microsoft Visual Studio Solution File, Format Version 12.00
# Visual Studio Version 17
VisualStudioVersion = 17.8.34330.188
MinimumVisualStudioVersion = 10.0.40219.1
Project("{FAE04EC0-301F-11D3-BF4B-00C04F79EFBC}") = "MAUIIsEnabled", "MAUIIsEnabled\MAUIIsEnabled.csproj", "{5F3F2805-51C1-4152-93E3-8DE7D1F62901}"
EndProject
Global
	GlobalSection(SolutionConfigurationPlatforms) = preSolution
		Debug|Any CPU = Debug|Any CPU
		Release|Any CPU = Release|Any CPU
	EndGlobalSection
	GlobalSection(ProjectConfigurationPlatforms) = postSolution
		{5F3F2805-51C1-4152-93E3-8DE7D1F62901}.Debug|Any CPU.ActiveCfg = Debug|Any CPU
		{5F3F2805-51C1-4152-93E3-8DE7D1F62901}.Debug|Any CPU.Build.0 = Debug|Any CPU
		{5F3F2805-51C1-4152-93E3-8DE7D1F62901}.Debug|Any CPU.Deploy.0 = Debug|Any CPU
		{5F3F2805-51C1-4152-93E3-8DE7D1F62901}.Release|Any CPU.ActiveCfg = Release|Any CPU
		{5F3F2805-51C1-4152-93E3-8DE7D1F62901}.Release|Any CPU.Build.0 = Release|Any CPU
		{5F3F2805-51C1-4152-93E3-8DE7D1F62901}.Release|Any CPU.Deploy.0 = Release|Any CPU
	EndGlobalSection
	GlobalSection(SolutionProperties) = preSolution
		HideSolutionNode = FALSE
	EndGlobalSection
	GlobalSection(ExtensibilityGlobals) = postSolution
		SolutionGuid = {8F28F8DC-3150-47F7-8968-FFF06367C74E}
	EndGlobalSection
EndGlobal
